// !$*UTF8*$!
{
	archiveVersion = 1;
	classes = {
	};
	objectVersion = 46;
	objects = {

/* Begin PBXBuildFile section */
		3495FE261D923ACE002B7703 /* AppDelegate.swift in Sources */ = {isa = PBXBuildFile; fileRef = 3495FE251D923ACE002B7703 /* AppDelegate.swift */; };
		3495FE281D923ACE002B7703 /* ViewController.swift in Sources */ = {isa = PBXBuildFile; fileRef = 3495FE271D923ACE002B7703 /* ViewController.swift */; };
		3495FE2B1D923ACE002B7703 /* Main.storyboard in Resources */ = {isa = PBXBuildFile; fileRef = 3495FE291D923ACE002B7703 /* Main.storyboard */; };
		3495FE2D1D923ACE002B7703 /* Assets.xcassets in Resources */ = {isa = PBXBuildFile; fileRef = 3495FE2C1D923ACE002B7703 /* Assets.xcassets */; };
		3495FE301D923ACE002B7703 /* LaunchScreen.storyboard in Resources */ = {isa = PBXBuildFile; fileRef = 3495FE2E1D923ACE002B7703 /* LaunchScreen.storyboard */; };
/* End PBXBuildFile section */

/* Begin PBXFileReference section */
		3495FE221D923ACE002B7703 /* DYTV-Swift.app */ = {isa = PBXFileReference; explicitFileType = wrapper.application; includeInIndex = 0; path = "DYTV-Swift.app"; sourceTree = BUILT_PRODUCTS_DIR; };
		3495FE251D923ACE002B7703 /* AppDelegate.swift */ = {isa = PBXFileReference; lastKnownFileType = sourcecode.swift; path = AppDelegate.swift; sourceTree = "<group>"; };
		3495FE271D923ACE002B7703 /* ViewController.swift */ = {isa = PBXFileReference; lastKnownFileType = sourcecode.swift; path = ViewController.swift; sourceTree = "<group>"; };
		3495FE2A1D923ACE002B7703 /* Base */ = {isa = PBXFileReference; lastKnownFileType = file.storyboard; name = Base; path = Base.lproj/Main.storyboard; sourceTree = "<group>"; };
		3495FE2C1D923ACE002B7703 /* Assets.xcassets */ = {isa = PBXFileReference; lastKnownFileType = folder.assetcatalog; path = Assets.xcassets; sourceTree = "<group>"; };
		3495FE2F1D923ACE002B7703 /* Base */ = {isa = PBXFileReference; lastKnownFileType = file.storyboard; name = Base; path = Base.lproj/LaunchScreen.storyboard; sourceTree = "<group>"; };
		3495FE311D923ACE002B7703 /* Info.plist */ = {isa = PBXFileReference; lastKnownFileType = text.plist.xml; path = Info.plist; sourceTree = "<group>"; };
/* End PBXFileReference section */

/* Begin PBXFrameworksBuildPhase section */
		3495FE1F1D923ACE002B7703 /* Frameworks */ = {
			isa = PBXFrameworksBuildPhase;
			buildActionMask = 2147483647;
			files = (
			);
			runOnlyForDeploymentPostprocessing = 0;
		};
/* End PBXFrameworksBuildPhase section */

/* Begin PBXGroup section */
		3495FE191D923ACE002B7703 = {
			isa = PBXGroup;
			children = (
				3495FE241D923ACE002B7703 /* DYTV-Swift */,
				3495FE231D923ACE002B7703 /* Products */,
			);
			sourceTree = "<group>";
		};
		3495FE231D923ACE002B7703 /* Products */ = {
			isa = PBXGroup;
			children = (
				3495FE221D923ACE002B7703 /* DYTV-Swift.app */,
			);
			name = Products;
			sourceTree = "<group>";
		};
		3495FE241D923ACE002B7703 /* DYTV-Swift */ = {
			isa = PBXGroup;
			children = (
				3495FE251D923ACE002B7703 /* AppDelegate.swift */,
				3495FE271D923ACE002B7703 /* ViewController.swift */,
				3495FE291D923ACE002B7703 /* Main.storyboard */,
				3495FE2C1D923ACE002B7703 /* Assets.xcassets */,
				3495FE2E1D923ACE002B7703 /* LaunchScreen.storyboard */,
				3495FE311D923ACE002B7703 /* Info.plist */,
			);
			path = "DYTV-Swift";
			sourceTree = "<group>";
		};
/* End PBXGroup section */

/* Begin PBXNativeTarget section */
		3495FE211D923ACE002B7703 /* DYTV-Swift */ = {
			isa = PBXNativeTarget;
			buildConfigurationList = 3495FE341D923ACE002B7703 /* Build configuration list for PBXNativeTarget "DYTV-Swift" */;
			buildPhases = (
				3495FE1E1D923ACE002B7703 /* Sources */,
				3495FE1F1D923ACE002B7703 /* Frameworks */,
				3495FE201D923ACE002B7703 /* Resources */,
			);
			buildRules = (
			);
			dependencies = (
			);
			name = "DYTV-Swift";
			productName = "DYTV-Swift";
			productReference = 3495FE221D923ACE002B7703 /* DYTV-Swift.app */;
			productType = "com.apple.product-type.application";
		};
/* End PBXNativeTarget section */

/* Begin PBXProject section */
		3495FE1A1D923ACE002B7703 /* Project object */ = {
			isa = PBXProject;
			attributes = {
				LastSwiftUpdateCheck = 0800;
				LastUpgradeCheck = 0800;
				ORGANIZATIONNAME = YoloMao;
				TargetAttributes = {
					3495FE211D923ACE002B7703 = {
						CreatedOnToolsVersion = 8.0;
						ProvisioningStyle = Automatic;
					};
				};
			};
			buildConfigurationList = 3495FE1D1D923ACE002B7703 /* Build configuration list for PBXProject "DYTV-Swift" */;
			compatibilityVersion = "Xcode 3.2";
			developmentRegion = English;
			hasScannedForEncodings = 0;
			knownRegions = (
				en,
				Base,
			);
			mainGroup = 3495FE191D923ACE002B7703;
			productRefGroup = 3495FE231D923ACE002B7703 /* Products */;
			projectDirPath = "";
			projectRoot = "";
			targets = (
				3495FE211D923ACE002B7703 /* DYTV-Swift */,
			);
		};
/* End PBXProject section */

/* Begin PBXResourcesBuildPhase section */
		3495FE201D923ACE002B7703 /* Resources */ = {
			isa = PBXResourcesBuildPhase;
			buildActionMask = 2147483647;
			files = (
				3495FE301D923ACE002B7703 /* LaunchScreen.storyboard in Resources */,
				3495FE2D1D923ACE002B7703 /* Assets.xcassets in Resources */,
				3495FE2B1D923ACE002B7703 /* Main.storyboard in Resources */,
			);
			runOnlyForDeploymentPostprocessing = 0;
		};
/* End PBXResourcesBuildPhase section */

/* Begin PBXSourcesBuildPhase section */
		3495FE1E1D923ACE002B7703 /* Sources */ = {
			isa = PBXSourcesBuildPhase;
			buildActionMask = 2147483647;
			files = (
				3495FE281D923ACE002B7703 /* ViewController.swift in Sources */,
				3495FE261D923ACE002B7703 /* AppDelegate.swift in Sources */,
			);
			runOnlyForDeploymentPostprocessing = 0;
		};
/* End PBXSourcesBuildPhase section */

/* Begin PBXVariantGroup section */
		3495FE291D923ACE002B7703 /* Main.storyboard */ = {
			isa = PBXVariantGroup;
			children = (
				3495FE2A1D923ACE002B7703 /* Base */,
			);
			name = Main.storyboard;
			sourceTree = "<group>";
		};
		3495FE2E1D923ACE002B7703 /* LaunchScreen.storyboard */ = {
			isa = PBXVariantGroup;
			children = (
				3495FE2F1D923ACE002B7703 /* Base */,
			);
			name = LaunchScreen.storyboard;
			sourceTree = "<group>";
		};
/* End PBXVariantGroup section */

/* Begin XCBuildConfiguration section */
		3495FE321D923ACE002B7703 /* Debug */ = {
			isa = XCBuildConfiguration;
			buildSettings = {
				ALWAYS_SEARCH_USER_PATHS = NO;
				CLANG_ANALYZER_NONNULL = YES;
				CLANG_CXX_LANGUAGE_STANDARD = "gnu++0x";
				CLANG_CXX_LIBRARY = "libc++";
				CLANG_ENABLE_MODULES = YES;
				CLANG_ENABLE_OBJC_ARC = YES;
				CLANG_WARN_BOOL_CONVERSION = YES;
				CLANG_WARN_CONSTANT_CONVERSION = YES;
				CLANG_WARN_DIRECT_OBJC_ISA_USAGE = YES_ERROR;
				CLANG_WARN_DOCUMENTATION_COMMENTS = YES;
				CLANG_WARN_EMPTY_BODY = YES;
				CLANG_WARN_ENUM_CONVERSION = YES;
				CLANG_WARN_INFINITE_RECURSION = YES;
				CLANG_WARN_INT_CONVERSION = YES;
				CLANG_WARN_OBJC_ROOT_CLASS = YES_ERROR;
				CLANG_WARN_SUSPICIOUS_MOVES = YES;
				CLANG_WARN_UNREACHABLE_CODE = YES;
				CLANG_WARN__DUPLICATE_METHOD_MATCH = YES;
				"CODE_SIGN_IDENTITY[sdk=iphoneos*]" = "iPhone Developer";
				COPY_PHASE_STRIP = NO;
				DEBUG_INFORMATION_FORMAT = dwarf;
				ENABLE_STRICT_OBJC_MSGSEND = YES;
				ENABLE_TESTABILITY = YES;
				GCC_C_LANGUAGE_STANDARD = gnu99;
				GCC_DYNAMIC_NO_PIC = NO;
				GCC_NO_COMMON_BLOCKS = YES;
				GCC_OPTIMIZATION_LEVEL = 0;
				GCC_PREPROCESSOR_DEFINITIONS = (
					"DEBUG=1",
					"$(inherited)",
				);
				GCC_WARN_64_TO_32_BIT_CONVERSION = YES;
				GCC_WARN_ABOUT_RETURN_TYPE = YES_ERROR;
				GCC_WARN_UNDECLARED_SELECTOR = YES;
				GCC_WARN_UNINITIALIZED_AUTOS = YES_AGGRESSIVE;
				GCC_WARN_UNUSED_FUNCTION = YES;
				GCC_WARN_UNUSED_VARIABLE = YES;
				IPHONEOS_DEPLOYMENT_TARGET = 10.0;
				MTL_ENABLE_DEBUG_INFO = YES;
				ONLY_ACTIVE_ARCH = YES;
				SDKROOT = iphoneos;
				SWIFT_ACTIVE_COMPILATION_CONDITIONS = DEBUG;
				SWIFT_OPTIMIZATION_LEVEL = "-Onone";
			};
			name = Debug;
		};
		3495FE331D923ACE002B7703 /* Release */ = {
			isa = XCBuildConfiguration;
			buildSettings = {
				ALWAYS_SEARCH_USER_PATHS = NO;
				CLANG_ANALYZER_NONNULL = YES;
				CLANG_CXX_LANGUAGE_STANDARD = "gnu++0x";
				CLANG_CXX_LIBRARY = "libc++";
				CLANG_ENABLE_MODULES = YES;
				CLANG_ENABLE_OBJC_ARC = YES;
				CLANG_WARN_BOOL_CONVERSION = YES;
				CLANG_WARN_CONSTANT_CONVERSION = YES;
				CLANG_WARN_DIRECT_OBJC_ISA_USAGE = YES_ERROR;
				CLANG_WARN_DOCUMENTATION_COMMENTS = YES;
				CLANG_WARN_EMPTY_BODY = YES;
				CLANG_WARN_ENUM_CONVERSION = YES;
				CLANG_WARN_INFINITE_RECURSION = YES;
				CLANG_WARN_INT_CONVERSION = YES;
				CLANG_WARN_OBJC_ROOT_CLASS = YES_ERROR;
				CLANG_WARN_SUSPICIOUS_MOVES = YES;
				CLANG_WARN_UNREACHABLE_CODE = YES;
				CLANG_WARN__DUPLICATE_METHOD_MATCH = YES;
				"CODE_SIGN_IDENTITY[sdk=iphoneos*]" = "iPhone Developer";
				COPY_PHASE_STRIP = NO;
				DEBUG_INFORMATION_FORMAT = "dwarf-with-dsym";
				ENABLE_NS_ASSERTIONS = NO;
				ENABLE_STRICT_OBJC_MSGSEND = YES;
				GCC_C_LANGUAGE_STANDARD = gnu99;
				GCC_NO_COMMON_BLOCKS = YES;
				GCC_WARN_64_TO_32_BIT_CONVERSION = YES;
				GCC_WARN_ABOUT_RETURN_TYPE = YES_ERROR;
				GCC_WARN_UNDECLARED_SELECTOR = YES;
				GCC_WARN_UNINITIALIZED_AUTOS = YES_AGGRESSIVE;
				GCC_WARN_UNUSED_FUNCTION = YES;
				GCC_WARN_UNUSED_VARIABLE = YES;
				IPHONEOS_DEPLOYMENT_TARGET = 10.0;
				MTL_ENABLE_DEBUG_INFO = NO;
				SDKROOT = iphoneos;
				SWIFT_OPTIMIZATION_LEVEL = "-Owholemodule";
				VALIDATE_PRODUCT = YES;
			};
			name = Release;
		};
		3495FE351D923ACE002B7703 /* Debug */ = {
			isa = XCBuildConfiguration;
			buildSettings = {
				ASSETCATALOG_COMPILER_APPICON_NAME = AppIcon;
				INFOPLIST_FILE = "DYTV-Swift/Info.plist";
				LD_RUNPATH_SEARCH_PATHS = "$(inherited) @executable_path/Frameworks";
				PRODUCT_BUNDLE_IDENTIFIER = "com.wiseyep.DYTV-Swift";
				PRODUCT_NAME = "$(TARGET_NAME)";
				SWIFT_VERSION = 3.0;
			};
			name = Debug;
		};
		3495FE361D923ACE002B7703 /* Release */ = {
			isa = XCBuildConfiguration;
			buildSettings = {
				ASSETCATALOG_COMPILER_APPICON_NAME = AppIcon;
				INFOPLIST_FILE = "DYTV-Swift/Info.plist";
				LD_RUNPATH_SEARCH_PATHS = "$(inherited) @executable_path/Frameworks";
				PRODUCT_BUNDLE_IDENTIFIER = "com.wiseyep.DYTV-Swift";
				PRODUCT_NAME = "$(TARGET_NAME)";
				SWIFT_VERSION = 3.0;
			};
			name = Release;
		};
/* End XCBuildConfiguration section */

/* Begin XCConfigurationList section */
		3495FE1D1D923ACE002B7703 /* Build configuration list for PBXProject "DYTV-Swift" */ = {
			isa = XCConfigurationList;
			buildConfigurations = (
				3495FE321D923ACE002B7703 /* Debug */,
				3495FE331D923ACE002B7703 /* Release */,
			);
			defaultConfigurationIsVisible = 0;
			defaultConfigurationName = Release;
		};
		3495FE341D923ACE002B7703 /* Build configuration list for PBXNativeTarget "DYTV-Swift" */ = {
			isa = XCConfigurationList;
			buildConfigurations = (
				3495FE351D923ACE002B7703 /* Debug */,
				3495FE361D923ACE002B7703 /* Release */,
			);
			defaultConfigurationIsVisible = 0;
		};
/* End XCConfigurationList section */
	};
	rootObject = 3495FE1A1D923ACE002B7703 /* Project object */;
}
